
Microsoft Visual Studio Solution File, Format Version 12.00
# Visual Studio Version 16
VisualStudioVersion = 16.0.30225.117
MinimumVisualStudioVersion = 10.0.40219.1
Project("{FAE04EC0-301F-11D3-BF4B-00C04F79EFBC}") = "TeachingDb", "TeachingDb.csproj", "{1AD39277-3A83-4806-BEF2-B8B5CB1D810D}"
EndProject
Project("{FAE04EC0-301F-11D3-BF4B-00C04F79EFBC}") = "Teaching.API", "..\Teaching.API\Teaching.API.csproj", "{F2BCD1F0-796F-4F5D-8EF2-0E75B4340007}"
EndProject
Global
	GlobalSection(SolutionConfigurationPlatforms) = preSolution
		Debug|Any CPU = Debug|Any CPU
		Release|Any CPU = Release|Any CPU
	EndGlobalSection
	GlobalSection(ProjectConfigurationPlatforms) = postSolution
		{1AD39277-3A83-4806-BEF2-B8B5CB1D810D}.Debug|Any CPU.ActiveCfg = Debug|Any CPU
		{1AD39277-3A83-4806-BEF2-B8B5CB1D810D}.Debug|Any CPU.Build.0 = Debug|Any CPU
		{1AD39277-3A83-4806-BEF2-B8B5CB1D810D}.Release|Any CPU.ActiveCfg = Release|Any CPU
		{1AD39277-3A83-4806-BEF2-B8B5CB1D810D}.Release|Any CPU.Build.0 = Release|Any CPU
		{F2BCD1F0-796F-4F5D-8EF2-0E75B4340007}.Debug|Any CPU.ActiveCfg = Debug|Any CPU
		{F2BCD1F0-796F-4F5D-8EF2-0E75B4340007}.Debug|Any CPU.Build.0 = Debug|Any CPU
		{F2BCD1F0-796F-4F5D-8EF2-0E75B4340007}.Release|Any CPU.ActiveCfg = Release|Any CPU
		{F2BCD1F0-796F-4F5D-8EF2-0E75B4340007}.Release|Any CPU.Build.0 = Release|Any CPU
	EndGlobalSection
	GlobalSection(SolutionProperties) = preSolution
		HideSolutionNode = FALSE
	EndGlobalSection
	GlobalSection(ExtensibilityGlobals) = postSolution
		SolutionGuid = {1F407513-FF92-416F-98D6-61F38E0BCEB3}
	EndGlobalSection
EndGlobal
